
Microsoft Visual Studio Solution File, Format Version 12.00
# Visual Studio Version 16
VisualStudioVersion = 16.0.29201.188
MinimumVisualStudioVersion = 10.0.40219.1
Project("{9A19103F-16F7-4668-BE54-9A1E7A4F7556}") = "IMS.URM", "IMS.URM\IMS.URM.csproj", "{D266AAE3-24F4-4911-B3D7-4099104CFB34}"
EndProject
Project("{E53339B2-1760-4266-BCC7-CA923CBCF16C}") = "docker-compose", "docker-compose.dcproj", "{4245990B-D0D9-467F-8EC5-8F812837FE01}"
EndProject
Project("{2150E333-8FDC-42A3-9474-1A3956D46DE8}") = "Solution Items", "Solution Items", "{569F05A7-D961-4003-AC9A-05EECEAF8F87}"
	ProjectSection(SolutionItems) = preProject
		.dockerignore = .dockerignore
		.gitignore = .gitignore
		azure-pipelines.yml = azure-pipelines.yml
	EndProjectSection
EndProject
Project("{FAE04EC0-301F-11D3-BF4B-00C04F79EFBC}") = "IMS.URM.Common", "IMS.URM.Common\IMS.URM.Common.csproj", "{DFCD8365-857A-4FBA-89AE-49B3D09434CC}"
EndProject
Project("{FAE04EC0-301F-11D3-BF4B-00C04F79EFBC}") = "IMS.URM.Entities.Abstractions", "IMS.URM.Entities.Abstractions\IMS.URM.Entities.Abstractions.csproj", "{4EBFFFC2-615A-4992-8C52-A21B12F07F2B}"
EndProject
Project("{FAE04EC0-301F-11D3-BF4B-00C04F79EFBC}") = "IMS.URM.Entities", "IMS.URM.Entities\IMS.URM.Entities.csproj", "{3867510E-3453-498D-BB44-4160C63577D9}"
EndProject
Project("{2150E333-8FDC-42A3-9474-1A3956D46DE8}") = "0. Common", "0. Common", "{EF45BC37-DCE8-487E-A7AD-733D8766E6AE}"
EndProject
Project("{2150E333-8FDC-42A3-9474-1A3956D46DE8}") = "1. Entities", "1. Entities", "{1C1CF161-08CF-4EDA-82B0-5D1EF04D0B41}"
EndProject
Project("{2150E333-8FDC-42A3-9474-1A3956D46DE8}") = "2. Persistence", "2. Persistence", "{18267178-1F0F-49D5-9DCC-983B6E59F198}"
EndProject
Project("{FAE04EC0-301F-11D3-BF4B-00C04F79EFBC}") = "IMS.URM.Persistence.Abstractions", "IMS.URM.Persistence.Abstractions\IMS.URM.Persistence.Abstractions.csproj", "{0F5907E7-0ABA-4798-9C66-6A9B4E00A262}"
EndProject
Project("{2150E333-8FDC-42A3-9474-1A3956D46DE8}") = "3. Dto", "3. Dto", "{7F43EC67-E368-4E4A-8C51-ABAA4095EE67}"
EndProject
Project("{FAE04EC0-301F-11D3-BF4B-00C04F79EFBC}") = "IMS.URM.Dto.Abstractions", "IMS.URM.Dto.Abstractions\IMS.URM.Dto.Abstractions.csproj", "{E968E09E-7841-4343-807E-40DF580A5F1D}"
EndProject
Project("{FAE04EC0-301F-11D3-BF4B-00C04F79EFBC}") = "IMS.URM.Dto", "IMS.URM.Dto\IMS.URM.Dto.csproj", "{2BD65B84-FBDC-4095-8249-BABC78C7B695}"
EndProject
Project("{2150E333-8FDC-42A3-9474-1A3956D46DE8}") = "4. Mappers", "4. Mappers", "{CCBF033C-F30C-47C0-8EBB-4AA817469F64}"
EndProject
Project("{FAE04EC0-301F-11D3-BF4B-00C04F79EFBC}") = "IMS.URM.Mappers.Abstractions", "IMS.URM.Mappers.Abstractions\IMS.URM.Mappers.Abstractions.csproj", "{35FC2F14-200B-40BF-A8CA-185E1A90919B}"
EndProject
Project("{FAE04EC0-301F-11D3-BF4B-00C04F79EFBC}") = "IMS.URM.Mappers.AutoMapper", "IMS.URM.Mappers.AutoMapper\IMS.URM.Mappers.AutoMapper.csproj", "{11E10568-387D-42CD-9F07-FC950ECB67CC}"
EndProject
Project("{FAE04EC0-301F-11D3-BF4B-00C04F79EFBC}") = "IMS.URM.Persistence.MongoDb", "IMS.URM.Persistence.MongoDb\IMS.URM.Persistence.MongoDb.csproj", "{7174B644-9835-4C36-837F-B9DFD763D6E1}"
EndProject
Project("{2150E333-8FDC-42A3-9474-1A3956D46DE8}") = "5. BusinessServices", "5. BusinessServices", "{5B92B958-2986-432C-B08B-951C39922033}"
EndProject
Project("{FAE04EC0-301F-11D3-BF4B-00C04F79EFBC}") = "IMS.URM.BusinessServices.Abstractions", "IMS.URM.BusinessServices.Abstractions\IMS.URM.BusinessServices.Abstractions.csproj", "{3399D245-EAEE-4847-A0B4-7A9AD21A8C6D}"
EndProject
Project("{FAE04EC0-301F-11D3-BF4B-00C04F79EFBC}") = "IMS.URM.BusinessServices", "IMS.URM.BusinessServices\IMS.URM.BusinessServices.csproj", "{EAE0EDDF-C91A-418B-AAF0-8AC8A2F72428}"
EndProject
Project("{2150E333-8FDC-42A3-9474-1A3956D46DE8}") = "6. Tools", "6. Tools", "{D4A58AEC-6A60-452D-B2D1-5C3E904726D0}"
EndProject
Project("{FAE04EC0-301F-11D3-BF4B-00C04F79EFBC}") = "IMS.URM.MockRobot", "IMS.URM.MockRobot\IMS.URM.MockRobot.csproj", "{00574334-A3F6-4B2E-B5E9-B79B0F156A19}"
EndProject
Global
	GlobalSection(SolutionConfigurationPlatforms) = preSolution
		Debug|Any CPU = Debug|Any CPU
		Release|Any CPU = Release|Any CPU
	EndGlobalSection
	GlobalSection(ProjectConfigurationPlatforms) = postSolution
		{D266AAE3-24F4-4911-B3D7-4099104CFB34}.Debug|Any CPU.ActiveCfg = Debug|Any CPU
		{D266AAE3-24F4-4911-B3D7-4099104CFB34}.Debug|Any CPU.Build.0 = Debug|Any CPU
		{D266AAE3-24F4-4911-B3D7-4099104CFB34}.Release|Any CPU.ActiveCfg = Release|Any CPU
		{D266AAE3-24F4-4911-B3D7-4099104CFB34}.Release|Any CPU.Build.0 = Release|Any CPU
		{4245990B-D0D9-467F-8EC5-8F812837FE01}.Debug|Any CPU.ActiveCfg = Debug|Any CPU
		{4245990B-D0D9-467F-8EC5-8F812837FE01}.Debug|Any CPU.Build.0 = Debug|Any CPU
		{4245990B-D0D9-467F-8EC5-8F812837FE01}.Release|Any CPU.ActiveCfg = Release|Any CPU
		{4245990B-D0D9-467F-8EC5-8F812837FE01}.Release|Any CPU.Build.0 = Release|Any CPU
		{DFCD8365-857A-4FBA-89AE-49B3D09434CC}.Debug|Any CPU.ActiveCfg = Debug|Any CPU
		{DFCD8365-857A-4FBA-89AE-49B3D09434CC}.Debug|Any CPU.Build.0 = Debug|Any CPU
		{DFCD8365-857A-4FBA-89AE-49B3D09434CC}.Release|Any CPU.ActiveCfg = Release|Any CPU
		{DFCD8365-857A-4FBA-89AE-49B3D09434CC}.Release|Any CPU.Build.0 = Release|Any CPU
		{4EBFFFC2-615A-4992-8C52-A21B12F07F2B}.Debug|Any CPU.ActiveCfg = Debug|Any CPU
		{4EBFFFC2-615A-4992-8C52-A21B12F07F2B}.Debug|Any CPU.Build.0 = Debug|Any CPU
		{4EBFFFC2-615A-4992-8C52-A21B12F07F2B}.Release|Any CPU.ActiveCfg = Release|Any CPU
		{4EBFFFC2-615A-4992-8C52-A21B12F07F2B}.Release|Any CPU.Build.0 = Release|Any CPU
		{3867510E-3453-498D-BB44-4160C63577D9}.Debug|Any CPU.ActiveCfg = Debug|Any CPU
		{3867510E-3453-498D-BB44-4160C63577D9}.Debug|Any CPU.Build.0 = Debug|Any CPU
		{3867510E-3453-498D-BB44-4160C63577D9}.Release|Any CPU.ActiveCfg = Release|Any CPU
		{3867510E-3453-498D-BB44-4160C63577D9}.Release|Any CPU.Build.0 = Release|Any CPU
		{0F5907E7-0ABA-4798-9C66-6A9B4E00A262}.Debug|Any CPU.ActiveCfg = Debug|Any CPU
		{0F5907E7-0ABA-4798-9C66-6A9B4E00A262}.Debug|Any CPU.Build.0 = Debug|Any CPU
		{0F5907E7-0ABA-4798-9C66-6A9B4E00A262}.Release|Any CPU.ActiveCfg = Release|Any CPU
		{0F5907E7-0ABA-4798-9C66-6A9B4E00A262}.Release|Any CPU.Build.0 = Release|Any CPU
		{E968E09E-7841-4343-807E-40DF580A5F1D}.Debug|Any CPU.ActiveCfg = Debug|Any CPU
		{E968E09E-7841-4343-807E-40DF580A5F1D}.Debug|Any CPU.Build.0 = Debug|Any CPU
		{E968E09E-7841-4343-807E-40DF580A5F1D}.Release|Any CPU.ActiveCfg = Release|Any CPU
		{E968E09E-7841-4343-807E-40DF580A5F1D}.Release|Any CPU.Build.0 = Release|Any CPU
		{2BD65B84-FBDC-4095-8249-BABC78C7B695}.Debug|Any CPU.ActiveCfg = Debug|Any CPU
		{2BD65B84-FBDC-4095-8249-BABC78C7B695}.Debug|Any CPU.Build.0 = Debug|Any CPU
		{2BD65B84-FBDC-4095-8249-BABC78C7B695}.Release|Any CPU.ActiveCfg = Release|Any CPU
		{2BD65B84-FBDC-4095-8249-BABC78C7B695}.Release|Any CPU.Build.0 = Release|Any CPU
		{35FC2F14-200B-40BF-A8CA-185E1A90919B}.Debug|Any CPU.ActiveCfg = Debug|Any CPU
		{35FC2F14-200B-40BF-A8CA-185E1A90919B}.Debug|Any CPU.Build.0 = Debug|Any CPU
		{35FC2F14-200B-40BF-A8CA-185E1A90919B}.Release|Any CPU.ActiveCfg = Release|Any CPU
		{35FC2F14-200B-40BF-A8CA-185E1A90919B}.Release|Any CPU.Build.0 = Release|Any CPU
		{11E10568-387D-42CD-9F07-FC950ECB67CC}.Debug|Any CPU.ActiveCfg = Debug|Any CPU
		{11E10568-387D-42CD-9F07-FC950ECB67CC}.Debug|Any CPU.Build.0 = Debug|Any CPU
		{11E10568-387D-42CD-9F07-FC950ECB67CC}.Release|Any CPU.ActiveCfg = Release|Any CPU
		{11E10568-387D-42CD-9F07-FC950ECB67CC}.Release|Any CPU.Build.0 = Release|Any CPU
		{7174B644-9835-4C36-837F-B9DFD763D6E1}.Debug|Any CPU.ActiveCfg = Debug|Any CPU
		{7174B644-9835-4C36-837F-B9DFD763D6E1}.Debug|Any CPU.Build.0 = Debug|Any CPU
		{7174B644-9835-4C36-837F-B9DFD763D6E1}.Release|Any CPU.ActiveCfg = Release|Any CPU
		{7174B644-9835-4C36-837F-B9DFD763D6E1}.Release|Any CPU.Build.0 = Release|Any CPU
		{3399D245-EAEE-4847-A0B4-7A9AD21A8C6D}.Debug|Any CPU.ActiveCfg = Debug|Any CPU
		{3399D245-EAEE-4847-A0B4-7A9AD21A8C6D}.Debug|Any CPU.Build.0 = Debug|Any CPU
		{3399D245-EAEE-4847-A0B4-7A9AD21A8C6D}.Release|Any CPU.ActiveCfg = Release|Any CPU
		{3399D245-EAEE-4847-A0B4-7A9AD21A8C6D}.Release|Any CPU.Build.0 = Release|Any CPU
		{EAE0EDDF-C91A-418B-AAF0-8AC8A2F72428}.Debug|Any CPU.ActiveCfg = Debug|Any CPU
		{EAE0EDDF-C91A-418B-AAF0-8AC8A2F72428}.Debug|Any CPU.Build.0 = Debug|Any CPU
		{EAE0EDDF-C91A-418B-AAF0-8AC8A2F72428}.Release|Any CPU.ActiveCfg = Release|Any CPU
		{EAE0EDDF-C91A-418B-AAF0-8AC8A2F72428}.Release|Any CPU.Build.0 = Release|Any CPU
		{00574334-A3F6-4B2E-B5E9-B79B0F156A19}.Debug|Any CPU.ActiveCfg = Debug|Any CPU
		{00574334-A3F6-4B2E-B5E9-B79B0F156A19}.Debug|Any CPU.Build.0 = Debug|Any CPU
		{00574334-A3F6-4B2E-B5E9-B79B0F156A19}.Release|Any CPU.ActiveCfg = Release|Any CPU
		{00574334-A3F6-4B2E-B5E9-B79B0F156A19}.Release|Any CPU.Build.0 = Release|Any CPU
	EndGlobalSection
	GlobalSection(SolutionProperties) = preSolution
		HideSolutionNode = FALSE
	EndGlobalSection
	GlobalSection(NestedProjects) = preSolution
		{DFCD8365-857A-4FBA-89AE-49B3D09434CC} = {EF45BC37-DCE8-487E-A7AD-733D8766E6AE}
		{4EBFFFC2-615A-4992-8C52-A21B12F07F2B} = {1C1CF161-08CF-4EDA-82B0-5D1EF04D0B41}
		{3867510E-3453-498D-BB44-4160C63577D9} = {1C1CF161-08CF-4EDA-82B0-5D1EF04D0B41}
		{0F5907E7-0ABA-4798-9C66-6A9B4E00A262} = {18267178-1F0F-49D5-9DCC-983B6E59F198}
		{E968E09E-7841-4343-807E-40DF580A5F1D} = {7F43EC67-E368-4E4A-8C51-ABAA4095EE67}
		{2BD65B84-FBDC-4095-8249-BABC78C7B695} = {7F43EC67-E368-4E4A-8C51-ABAA4095EE67}
		{35FC2F14-200B-40BF-A8CA-185E1A90919B} = {CCBF033C-F30C-47C0-8EBB-4AA817469F64}
		{11E10568-387D-42CD-9F07-FC950ECB67CC} = {CCBF033C-F30C-47C0-8EBB-4AA817469F64}
		{7174B644-9835-4C36-837F-B9DFD763D6E1} = {18267178-1F0F-49D5-9DCC-983B6E59F198}
		{3399D245-EAEE-4847-A0B4-7A9AD21A8C6D} = {5B92B958-2986-432C-B08B-951C39922033}
		{EAE0EDDF-C91A-418B-AAF0-8AC8A2F72428} = {5B92B958-2986-432C-B08B-951C39922033}
		{00574334-A3F6-4B2E-B5E9-B79B0F156A19} = {D4A58AEC-6A60-452D-B2D1-5C3E904726D0}
	EndGlobalSection
	GlobalSection(ExtensibilityGlobals) = postSolution
		SolutionGuid = {793AF61C-1415-495B-ABD2-4E4BF9A8C368}
	EndGlobalSection
EndGlobal
